
Microsoft Visual Studio Solution File, Format Version 12.00
# Visual Studio 15
VisualStudioVersion = 15.0.26124.0
MinimumVisualStudioVersion = 15.0.26124.0
Project("{2150E333-8FDC-42A3-9474-1A3956D46DE8}") = "src", "src", "{73A93E49-D1AE-4052-909C-AD8EED74D8D7}"
EndProject
Project("{FAE04EC0-301F-11D3-BF4B-00C04F79EFBC}") = "MiniSQL.Api", "src\MiniSQL.Api\MiniSQL.Api.csproj", "{C40E4A7D-AFD1-45A0-8AA5-EE52EE583FF9}"
EndProject
Project("{FAE04EC0-301F-11D3-BF4B-00C04F79EFBC}") = "MiniSQL.Interpreter", "src\MiniSQL.Interpreter\MiniSQL.Interpreter.csproj", "{9A02DB15-A2A2-4852-B317-B8F0C5AF0F13}"
EndProject
Project("{FAE04EC0-301F-11D3-BF4B-00C04F79EFBC}") = "MiniSQL.BufferManager", "src\MiniSQL.BufferManager\MiniSQL.BufferManager.csproj", "{1B81A38E-38D2-4851-AA49-F562F44BC512}"
EndProject
Project("{FAE04EC0-301F-11D3-BF4B-00C04F79EFBC}") = "MiniSQL.CatalogManager", "src\MiniSQL.CatalogManager\MiniSQL.CatalogManager.csproj", "{A8ADFCB5-F60E-4369-866C-F3272BA1AE8C}"
EndProject
Project("{FAE04EC0-301F-11D3-BF4B-00C04F79EFBC}") = "MiniSQL.IndexManager", "src\MiniSQL.IndexManager\MiniSQL.IndexManager.csproj", "{05C292B3-4C6B-4470-9EDB-725DEF786183}"
EndProject
Project("{FAE04EC0-301F-11D3-BF4B-00C04F79EFBC}") = "MiniSQL.RecordManager", "src\MiniSQL.RecordManager\MiniSQL.RecordManager.csproj", "{511A214E-372C-4D27-8EE7-50CFAD5F8505}"
EndProject
Project("{FAE04EC0-301F-11D3-BF4B-00C04F79EFBC}") = "MiniSQL.Library", "src\MiniSQL.Library\MiniSQL.Library.csproj", "{3EA08587-04EB-40CA-B025-5D02A9030178}"
EndProject
Project("{FAE04EC0-301F-11D3-BF4B-00C04F79EFBC}") = "MiniSQL.Startup", "src\MiniSQL.Startup\MiniSQL.Startup.csproj", "{B6695733-2C87-4D7B-B8A8-0BC444A23712}"
EndProject
Global
	GlobalSection(SolutionConfigurationPlatforms) = preSolution
		Debug|Any CPU = Debug|Any CPU
		Debug|x64 = Debug|x64
		Debug|x86 = Debug|x86
		Release|Any CPU = Release|Any CPU
		Release|x64 = Release|x64
		Release|x86 = Release|x86
	EndGlobalSection
	GlobalSection(SolutionProperties) = preSolution
		HideSolutionNode = FALSE
	EndGlobalSection
	GlobalSection(ProjectConfigurationPlatforms) = postSolution
		{C40E4A7D-AFD1-45A0-8AA5-EE52EE583FF9}.Debug|Any CPU.ActiveCfg = Debug|Any CPU
		{C40E4A7D-AFD1-45A0-8AA5-EE52EE583FF9}.Debug|Any CPU.Build.0 = Debug|Any CPU
		{C40E4A7D-AFD1-45A0-8AA5-EE52EE583FF9}.Debug|x64.ActiveCfg = Debug|Any CPU
		{C40E4A7D-AFD1-45A0-8AA5-EE52EE583FF9}.Debug|x64.Build.0 = Debug|Any CPU
		{C40E4A7D-AFD1-45A0-8AA5-EE52EE583FF9}.Debug|x86.ActiveCfg = Debug|Any CPU
		{C40E4A7D-AFD1-45A0-8AA5-EE52EE583FF9}.Debug|x86.Build.0 = Debug|Any CPU
		{C40E4A7D-AFD1-45A0-8AA5-EE52EE583FF9}.Release|Any CPU.ActiveCfg = Release|Any CPU
		{C40E4A7D-AFD1-45A0-8AA5-EE52EE583FF9}.Release|Any CPU.Build.0 = Release|Any CPU
		{C40E4A7D-AFD1-45A0-8AA5-EE52EE583FF9}.Release|x64.ActiveCfg = Release|Any CPU
		{C40E4A7D-AFD1-45A0-8AA5-EE52EE583FF9}.Release|x64.Build.0 = Release|Any CPU
		{C40E4A7D-AFD1-45A0-8AA5-EE52EE583FF9}.Release|x86.ActiveCfg = Release|Any CPU
		{C40E4A7D-AFD1-45A0-8AA5-EE52EE583FF9}.Release|x86.Build.0 = Release|Any CPU
		{9A02DB15-A2A2-4852-B317-B8F0C5AF0F13}.Debug|Any CPU.ActiveCfg = Debug|Any CPU
		{9A02DB15-A2A2-4852-B317-B8F0C5AF0F13}.Debug|Any CPU.Build.0 = Debug|Any CPU
		{9A02DB15-A2A2-4852-B317-B8F0C5AF0F13}.Debug|x64.ActiveCfg = Debug|Any CPU
		{9A02DB15-A2A2-4852-B317-B8F0C5AF0F13}.Debug|x64.Build.0 = Debug|Any CPU
		{9A02DB15-A2A2-4852-B317-B8F0C5AF0F13}.Debug|x86.ActiveCfg = Debug|Any CPU
		{9A02DB15-A2A2-4852-B317-B8F0C5AF0F13}.Debug|x86.Build.0 = Debug|Any CPU
		{9A02DB15-A2A2-4852-B317-B8F0C5AF0F13}.Release|Any CPU.ActiveCfg = Release|Any CPU
		{9A02DB15-A2A2-4852-B317-B8F0C5AF0F13}.Release|Any CPU.Build.0 = Release|Any CPU
		{9A02DB15-A2A2-4852-B317-B8F0C5AF0F13}.Release|x64.ActiveCfg = Release|Any CPU
		{9A02DB15-A2A2-4852-B317-B8F0C5AF0F13}.Release|x64.Build.0 = Release|Any CPU
		{9A02DB15-A2A2-4852-B317-B8F0C5AF0F13}.Release|x86.ActiveCfg = Release|Any CPU
		{9A02DB15-A2A2-4852-B317-B8F0C5AF0F13}.Release|x86.Build.0 = Release|Any CPU
		{1B81A38E-38D2-4851-AA49-F562F44BC512}.Debug|Any CPU.ActiveCfg = Debug|Any CPU
		{1B81A38E-38D2-4851-AA49-F562F44BC512}.Debug|Any CPU.Build.0 = Debug|Any CPU
		{1B81A38E-38D2-4851-AA49-F562F44BC512}.Debug|x64.ActiveCfg = Debug|Any CPU
		{1B81A38E-38D2-4851-AA49-F562F44BC512}.Debug|x64.Build.0 = Debug|Any CPU
		{1B81A38E-38D2-4851-AA49-F562F44BC512}.Debug|x86.ActiveCfg = Debug|Any CPU
		{1B81A38E-38D2-4851-AA49-F562F44BC512}.Debug|x86.Build.0 = Debug|Any CPU
		{1B81A38E-38D2-4851-AA49-F562F44BC512}.Release|Any CPU.ActiveCfg = Release|Any CPU
		{1B81A38E-38D2-4851-AA49-F562F44BC512}.Release|Any CPU.Build.0 = Release|Any CPU
		{1B81A38E-38D2-4851-AA49-F562F44BC512}.Release|x64.ActiveCfg = Release|Any CPU
		{1B81A38E-38D2-4851-AA49-F562F44BC512}.Release|x64.Build.0 = Release|Any CPU
		{1B81A38E-38D2-4851-AA49-F562F44BC512}.Release|x86.ActiveCfg = Release|Any CPU
		{1B81A38E-38D2-4851-AA49-F562F44BC512}.Release|x86.Build.0 = Release|Any CPU
		{A8ADFCB5-F60E-4369-866C-F3272BA1AE8C}.Debug|Any CPU.ActiveCfg = Debug|Any CPU
		{A8ADFCB5-F60E-4369-866C-F3272BA1AE8C}.Debug|Any CPU.Build.0 = Debug|Any CPU
		{A8ADFCB5-F60E-4369-866C-F3272BA1AE8C}.Debug|x64.ActiveCfg = Debug|Any CPU
		{A8ADFCB5-F60E-4369-866C-F3272BA1AE8C}.Debug|x64.Build.0 = Debug|Any CPU
		{A8ADFCB5-F60E-4369-866C-F3272BA1AE8C}.Debug|x86.ActiveCfg = Debug|Any CPU
		{A8ADFCB5-F60E-4369-866C-F3272BA1AE8C}.Debug|x86.Build.0 = Debug|Any CPU
		{A8ADFCB5-F60E-4369-866C-F3272BA1AE8C}.Release|Any CPU.ActiveCfg = Release|Any CPU
		{A8ADFCB5-F60E-4369-866C-F3272BA1AE8C}.Release|Any CPU.Build.0 = Release|Any CPU
		{A8ADFCB5-F60E-4369-866C-F3272BA1AE8C}.Release|x64.ActiveCfg = Release|Any CPU
		{A8ADFCB5-F60E-4369-866C-F3272BA1AE8C}.Release|x64.Build.0 = Release|Any CPU
		{A8ADFCB5-F60E-4369-866C-F3272BA1AE8C}.Release|x86.ActiveCfg = Release|Any CPU
		{A8ADFCB5-F60E-4369-866C-F3272BA1AE8C}.Release|x86.Build.0 = Release|Any CPU
		{05C292B3-4C6B-4470-9EDB-725DEF786183}.Debug|Any CPU.ActiveCfg = Debug|Any CPU
		{05C292B3-4C6B-4470-9EDB-725DEF786183}.Debug|Any CPU.Build.0 = Debug|Any CPU
		{05C292B3-4C6B-4470-9EDB-725DEF786183}.Debug|x64.ActiveCfg = Debug|Any CPU
		{05C292B3-4C6B-4470-9EDB-725DEF786183}.Debug|x64.Build.0 = Debug|Any CPU
		{05C292B3-4C6B-4470-9EDB-725DEF786183}.Debug|x86.ActiveCfg = Debug|Any CPU
		{05C292B3-4C6B-4470-9EDB-725DEF786183}.Debug|x86.Build.0 = Debug|Any CPU
		{05C292B3-4C6B-4470-9EDB-725DEF786183}.Release|Any CPU.ActiveCfg = Release|Any CPU
		{05C292B3-4C6B-4470-9EDB-725DEF786183}.Release|Any CPU.Build.0 = Release|Any CPU
		{05C292B3-4C6B-4470-9EDB-725DEF786183}.Release|x64.ActiveCfg = Release|Any CPU
		{05C292B3-4C6B-4470-9EDB-725DEF786183}.Release|x64.Build.0 = Release|Any CPU
		{05C292B3-4C6B-4470-9EDB-725DEF786183}.Release|x86.ActiveCfg = Release|Any CPU
		{05C292B3-4C6B-4470-9EDB-725DEF786183}.Release|x86.Build.0 = Release|Any CPU
		{511A214E-372C-4D27-8EE7-50CFAD5F8505}.Debug|Any CPU.ActiveCfg = Debug|Any CPU
		{511A214E-372C-4D27-8EE7-50CFAD5F8505}.Debug|Any CPU.Build.0 = Debug|Any CPU
		{511A214E-372C-4D27-8EE7-50CFAD5F8505}.Debug|x64.ActiveCfg = Debug|Any CPU
		{511A214E-372C-4D27-8EE7-50CFAD5F8505}.Debug|x64.Build.0 = Debug|Any CPU
		{511A214E-372C-4D27-8EE7-50CFAD5F8505}.Debug|x86.ActiveCfg = Debug|Any CPU
		{511A214E-372C-4D27-8EE7-50CFAD5F8505}.Debug|x86.Build.0 = Debug|Any CPU
		{511A214E-372C-4D27-8EE7-50CFAD5F8505}.Release|Any CPU.ActiveCfg = Release|Any CPU
		{511A214E-372C-4D27-8EE7-50CFAD5F8505}.Release|Any CPU.Build.0 = Release|Any CPU
		{511A214E-372C-4D27-8EE7-50CFAD5F8505}.Release|x64.ActiveCfg = Release|Any CPU
		{511A214E-372C-4D27-8EE7-50CFAD5F8505}.Release|x64.Build.0 = Release|Any CPU
		{511A214E-372C-4D27-8EE7-50CFAD5F8505}.Release|x86.ActiveCfg = Release|Any CPU
		{511A214E-372C-4D27-8EE7-50CFAD5F8505}.Release|x86.Build.0 = Release|Any CPU
		{3EA08587-04EB-40CA-B025-5D02A9030178}.Debug|Any CPU.ActiveCfg = Debug|Any CPU
		{3EA08587-04EB-40CA-B025-5D02A9030178}.Debug|Any CPU.Build.0 = Debug|Any CPU
		{3EA08587-04EB-40CA-B025-5D02A9030178}.Debug|x64.ActiveCfg = Debug|Any CPU
		{3EA08587-04EB-40CA-B025-5D02A9030178}.Debug|x64.Build.0 = Debug|Any CPU
		{3EA08587-04EB-40CA-B025-5D02A9030178}.Debug|x86.ActiveCfg = Debug|Any CPU
		{3EA08587-04EB-40CA-B025-5D02A9030178}.Debug|x86.Build.0 = Debug|Any CPU
		{3EA08587-04EB-40CA-B025-5D02A9030178}.Release|Any CPU.ActiveCfg = Release|Any CPU
		{3EA08587-04EB-40CA-B025-5D02A9030178}.Release|Any CPU.Build.0 = Release|Any CPU
		{3EA08587-04EB-40CA-B025-5D02A9030178}.Release|x64.ActiveCfg = Release|Any CPU
		{3EA08587-04EB-40CA-B025-5D02A9030178}.Release|x64.Build.0 = Release|Any CPU
		{3EA08587-04EB-40CA-B025-5D02A9030178}.Release|x86.ActiveCfg = Release|Any CPU
		{3EA08587-04EB-40CA-B025-5D02A9030178}.Release|x86.Build.0 = Release|Any CPU
		{B6695733-2C87-4D7B-B8A8-0BC444A23712}.Debug|Any CPU.ActiveCfg = Debug|Any CPU
		{B6695733-2C87-4D7B-B8A8-0BC444A23712}.Debug|Any CPU.Build.0 = Debug|Any CPU
		{B6695733-2C87-4D7B-B8A8-0BC444A23712}.Debug|x64.ActiveCfg = Debug|Any CPU
		{B6695733-2C87-4D7B-B8A8-0BC444A23712}.Debug|x64.Build.0 = Debug|Any CPU
		{B6695733-2C87-4D7B-B8A8-0BC444A23712}.Debug|x86.ActiveCfg = Debug|Any CPU
		{B6695733-2C87-4D7B-B8A8-0BC444A23712}.Debug|x86.Build.0 = Debug|Any CPU
		{B6695733-2C87-4D7B-B8A8-0BC444A23712}.Release|Any CPU.ActiveCfg = Release|Any CPU
		{B6695733-2C87-4D7B-B8A8-0BC444A23712}.Release|Any CPU.Build.0 = Release|Any CPU
		{B6695733-2C87-4D7B-B8A8-0BC444A23712}.Release|x64.ActiveCfg = Release|Any CPU
		{B6695733-2C87-4D7B-B8A8-0BC444A23712}.Release|x64.Build.0 = Release|Any CPU
		{B6695733-2C87-4D7B-B8A8-0BC444A23712}.Release|x86.ActiveCfg = Release|Any CPU
		{B6695733-2C87-4D7B-B8A8-0BC444A23712}.Release|x86.Build.0 = Release|Any CPU
	EndGlobalSection
	GlobalSection(NestedProjects) = preSolution
		{C40E4A7D-AFD1-45A0-8AA5-EE52EE583FF9} = {73A93E49-D1AE-4052-909C-AD8EED74D8D7}
		{9A02DB15-A2A2-4852-B317-B8F0C5AF0F13} = {73A93E49-D1AE-4052-909C-AD8EED74D8D7}
		{1B81A38E-38D2-4851-AA49-F562F44BC512} = {73A93E49-D1AE-4052-909C-AD8EED74D8D7}
		{A8ADFCB5-F60E-4369-866C-F3272BA1AE8C} = {73A93E49-D1AE-4052-909C-AD8EED74D8D7}
		{05C292B3-4C6B-4470-9EDB-725DEF786183} = {73A93E49-D1AE-4052-909C-AD8EED74D8D7}
		{511A214E-372C-4D27-8EE7-50CFAD5F8505} = {73A93E49-D1AE-4052-909C-AD8EED74D8D7}
		{3EA08587-04EB-40CA-B025-5D02A9030178} = {73A93E49-D1AE-4052-909C-AD8EED74D8D7}
		{B6695733-2C87-4D7B-B8A8-0BC444A23712} = {73A93E49-D1AE-4052-909C-AD8EED74D8D7}
	EndGlobalSection
EndGlobal
